
Microsoft Visual Studio Solution File, Format Version 12.00
# Visual Studio 15
VisualStudioVersion = 15.0.28307.852
MinimumVisualStudioVersion = 10.0.40219.1
Project("{FAE04EC0-301F-11D3-BF4B-00C04F79EFBC}") = "Deliverable2", "Deliverable2\Deliverable2.csproj", "{18AC3E43-4541-4E44-BC15-9218CAEAEDEB}"
EndProject
Global
	GlobalSection(SolutionConfigurationPlatforms) = preSolution
		Debug|Any CPU = Debug|Any CPU
		Release|Any CPU = Release|Any CPU
	EndGlobalSection
	GlobalSection(ProjectConfigurationPlatforms) = postSolution
		{18AC3E43-4541-4E44-BC15-9218CAEAEDEB}.Debug|Any CPU.ActiveCfg = Debug|Any CPU
		{18AC3E43-4541-4E44-BC15-9218CAEAEDEB}.Debug|Any CPU.Build.0 = Debug|Any CPU
		{18AC3E43-4541-4E44-BC15-9218CAEAEDEB}.Release|Any CPU.ActiveCfg = Release|Any CPU
		{18AC3E43-4541-4E44-BC15-9218CAEAEDEB}.Release|Any CPU.Build.0 = Release|Any CPU
	EndGlobalSection
	GlobalSection(SolutionProperties) = preSolution
		HideSolutionNode = FALSE
	EndGlobalSection
	GlobalSection(ExtensibilityGlobals) = postSolution
		SolutionGuid = {74849B16-BB00-424E-A8D9-322BD8E25CF9}
	EndGlobalSection
EndGlobal
